
Microsoft Visual Studio Solution File, Format Version 12.00
# Visual Studio Version 17
VisualStudioVersion = 17.2.32516.85
MinimumVisualStudioVersion = 10.0.40219.1
Project("{FAE04EC0-301F-11D3-BF4B-00C04F79EFBC}") = "Client_Truyenfile", "Client_Truyenfile\Client_Truyenfile.csproj", "{D2AAFB33-38B4-47F1-930C-46EB7E1388A8}"
EndProject
Global
	GlobalSection(SolutionConfigurationPlatforms) = preSolution
		Debug|Any CPU = Debug|Any CPU
		Release|Any CPU = Release|Any CPU
	EndGlobalSection
	GlobalSection(ProjectConfigurationPlatforms) = postSolution
		{D2AAFB33-38B4-47F1-930C-46EB7E1388A8}.Debug|Any CPU.ActiveCfg = Debug|Any CPU
		{D2AAFB33-38B4-47F1-930C-46EB7E1388A8}.Debug|Any CPU.Build.0 = Debug|Any CPU
		{D2AAFB33-38B4-47F1-930C-46EB7E1388A8}.Release|Any CPU.ActiveCfg = Release|Any CPU
		{D2AAFB33-38B4-47F1-930C-46EB7E1388A8}.Release|Any CPU.Build.0 = Release|Any CPU
	EndGlobalSection
	GlobalSection(SolutionProperties) = preSolution
		HideSolutionNode = FALSE
	EndGlobalSection
	GlobalSection(ExtensibilityGlobals) = postSolution
		SolutionGuid = {02532075-2D8A-4740-851E-832460FA5447}
	EndGlobalSection
EndGlobal
